{
  "pins" : [
    {
      "identity" : "delegatefoundation",
      "kind" : "remoteSourceControl",
      "location" : "https://github.com/tjerwinchen/DelegateFoundation",
      "state" : {
        "revision" : "7ff66dc1ca188c37195653064f157ae337733241",
        "version" : "0.0.2"
      }
    }
  ],
  "version" : 2
}
