{
  "pins" : [
    {
      "identity" : "delegatefoundation",
      "kind" : "remoteSourceControl",
      "location" : "https://github.com/tjerwinchen/DelegateFoundation",
      "state" : {
        "branch" : "main",
        "revision" : "02ed9a93f547f73477c85ac179b1f5331ae21d46"
      }
    }
  ],
  "version" : 2
}
